
Microsoft Visual Studio Solution File, Format Version 12.00
# Visual Studio Version 17
VisualStudioVersion = 17.7.34009.444
MinimumVisualStudioVersion = 10.0.40219.1
Project("{FAE04EC0-301F-11D3-BF4B-00C04F79EFBC}") = "MvcForm", "MvcForm\MvcForm.csproj", "{04A9EAA8-BDB7-41BC-BFF5-82E724B36A12}"
EndProject
Global
	GlobalSection(SolutionConfigurationPlatforms) = preSolution
		Debug|Any CPU = Debug|Any CPU
		Release|Any CPU = Release|Any CPU
	EndGlobalSection
	GlobalSection(ProjectConfigurationPlatforms) = postSolution
		{04A9EAA8-BDB7-41BC-BFF5-82E724B36A12}.Debug|Any CPU.ActiveCfg = Debug|Any CPU
		{04A9EAA8-BDB7-41BC-BFF5-82E724B36A12}.Debug|Any CPU.Build.0 = Debug|Any CPU
		{04A9EAA8-BDB7-41BC-BFF5-82E724B36A12}.Release|Any CPU.ActiveCfg = Release|Any CPU
		{04A9EAA8-BDB7-41BC-BFF5-82E724B36A12}.Release|Any CPU.Build.0 = Release|Any CPU
	EndGlobalSection
	GlobalSection(SolutionProperties) = preSolution
		HideSolutionNode = FALSE
	EndGlobalSection
	GlobalSection(ExtensibilityGlobals) = postSolution
		SolutionGuid = {76A4A79C-C7BA-4AC3-A68B-FEDF244C8C5B}
	EndGlobalSection
EndGlobal
